
Microsoft Visual Studio Solution File, Format Version 12.00
# Visual Studio Version 16
VisualStudioVersion = 16.0.29230.47
MinimumVisualStudioVersion = 10.0.40219.1
Project("{FAE04EC0-301F-11D3-BF4B-00C04F79EFBC}") = "AtividadeCorreios", "AtividadeCorreios\AtividadeCorreios.csproj", "{88E3686C-4DD0-475E-975A-6EB586ABCB4E}"
EndProject
Global
	GlobalSection(SolutionConfigurationPlatforms) = preSolution
		Debug|Any CPU = Debug|Any CPU
		Release|Any CPU = Release|Any CPU
	EndGlobalSection
	GlobalSection(ProjectConfigurationPlatforms) = postSolution
		{88E3686C-4DD0-475E-975A-6EB586ABCB4E}.Debug|Any CPU.ActiveCfg = Debug|Any CPU
		{88E3686C-4DD0-475E-975A-6EB586ABCB4E}.Debug|Any CPU.Build.0 = Debug|Any CPU
		{88E3686C-4DD0-475E-975A-6EB586ABCB4E}.Release|Any CPU.ActiveCfg = Release|Any CPU
		{88E3686C-4DD0-475E-975A-6EB586ABCB4E}.Release|Any CPU.Build.0 = Release|Any CPU
	EndGlobalSection
	GlobalSection(SolutionProperties) = preSolution
		HideSolutionNode = FALSE
	EndGlobalSection
	GlobalSection(ExtensibilityGlobals) = postSolution
		SolutionGuid = {3D560636-5E2A-40F3-80B6-A3EF9EA1487D}
	EndGlobalSection
EndGlobal
